
Microsoft Visual Studio Solution File, Format Version 12.00
# Visual Studio 2013
VisualStudioVersion = 12.0.31101.0
MinimumVisualStudioVersion = 10.0.40219.1
Project("{FAE04EC0-301F-11D3-BF4B-00C04F79EFBC}") = "Audition", "Audition\Audition.csproj", "{D649603A-A3A6-48E5-A987-E5A011DC013F}"
EndProject
Project("{FAE04EC0-301F-11D3-BF4B-00C04F79EFBC}") = "Ui", "Ui\Ui.csproj", "{49CB781A-5A5A-4D6A-8F19-B8D3C0045597}"
EndProject
Project("{FAE04EC0-301F-11D3-BF4B-00C04F79EFBC}") = "Model", "Model\Model.csproj", "{BF29018B-4B83-4DF4-B0CC-23ACE91A0913}"
EndProject
Project("{FAE04EC0-301F-11D3-BF4B-00C04F79EFBC}") = "Tests", "Tests\Tests.csproj", "{FDC54681-CB67-446F-BA2F-38DC63F4A112}"
EndProject
Project("{FAE04EC0-301F-11D3-BF4B-00C04F79EFBC}") = "SystemTests", "SystemTests\SystemTests.csproj", "{4F989BB2-F673-4CAC-AA85-9CA87DDE160F}"
EndProject
Project("{FAE04EC0-301F-11D3-BF4B-00C04F79EFBC}") = "Sage50", "Sage50\Sage50.csproj", "{E1DAF23B-B961-4287-9977-B66035149FB6}"
EndProject
Project("{FAE04EC0-301F-11D3-BF4B-00C04F79EFBC}") = "Searching", "Searching\Searching.csproj", "{BAB5C73E-38E2-4D4A-8CAC-5F92041BD7BD}"
EndProject
Project("{FAE04EC0-301F-11D3-BF4B-00C04F79EFBC}") = "Persistence", "Persistence\Persistence.csproj", "{37AE0C8D-54F3-4311-92A8-8B099B526211}"
EndProject
Project("{930C7802-8A8C-48F9-8165-68863BCCD9DD}") = "Installer", "Installer\Installer.wixproj", "{66CA942F-3B27-4C90-BAED-E8E676C04E1E}"
EndProject
Project("{FAE04EC0-301F-11D3-BF4B-00C04F79EFBC}") = "Native", "Native\Native.csproj", "{F42A124D-7365-4A8A-A909-651D1E877C5E}"
EndProject
Project("{930C7802-8A8C-48F9-8165-68863BCCD9DD}") = "BundleInstaller", "BundleInstaller\BundleInstaller.wixproj", "{264F6631-1C6F-4529-AC27-2BC92923DACB}"
EndProject
Project("{FAE04EC0-301F-11D3-BF4B-00C04F79EFBC}") = "Webapp", "Webapp\Webapp.csproj", "{E765DBD3-CADA-4EFC-8740-3EF81191EC24}"
EndProject
Project("{2150E333-8FDC-42A3-9474-1A3956D46DE8}") = "Product", "Product", "{1E91FE7C-8651-489C-A6B9-00FB49AC3722}"
EndProject
Project("{2150E333-8FDC-42A3-9474-1A3956D46DE8}") = "Install", "Install", "{CE37BA79-EA6E-4AC5-962D-DAAC0B002F4E}"
EndProject
Project("{2150E333-8FDC-42A3-9474-1A3956D46DE8}") = "Test", "Test", "{73E33566-AED2-44A0-AD3D-0924596B7E68}"
EndProject
Project("{FAE04EC0-301F-11D3-BF4B-00C04F79EFBC}") = "Licensing", "Licensing\Licensing.csproj", "{356EAAC1-1C70-42B8-A2AA-55995B86D9C1}"
EndProject
Project("{FAE04EC0-301F-11D3-BF4B-00C04F79EFBC}") = "UserData", "UserData\UserData.csproj", "{726B204C-4FB4-47D7-AD3A-753F2E256DE4}"
EndProject
Project("{FAE04EC0-301F-11D3-BF4B-00C04F79EFBC}") = "CompiledUi", "CompiledUi\CompiledUi.csproj", "{B7FE3453-BB5D-410D-86EF-C1274AFF5A6E}"
EndProject
Project("{FAE04EC0-301F-11D3-BF4B-00C04F79EFBC}") = "CsvExport", "CsvExport\CsvExport.csproj", "{EF713D5C-2E0C-496C-B521-3B475B2EDDC9}"
EndProject
Project("{FAE04EC0-301F-11D3-BF4B-00C04F79EFBC}") = "ExcelImport", "ExcelImport\ExcelImport.csproj", "{72962866-1C2B-4D47-AA4B-CEB504E8E02A}"
EndProject
Project("{FAE04EC0-301F-11D3-BF4B-00C04F79EFBC}") = "SqlImport", "SqlImport\SqlImport.csproj", "{6C1369E7-1D57-42EA-B004-1B17218E71BF}"
EndProject
Project("{2150E333-8FDC-42A3-9474-1A3956D46DE8}") = "Dev", "Dev", "{B1E5685A-ED8B-4A14-B9B8-9B7FD281F114}"
EndProject
Project("{FAE04EC0-301F-11D3-BF4B-00C04F79EFBC}") = "DevServer", "DevServer\DevServer.csproj", "{B504B880-5D3D-4CA5-9256-6282ADA2378B}"
EndProject
Project("{FAE04EC0-301F-11D3-BF4B-00C04F79EFBC}") = "ExcelExport", "ExcelExport\ExcelExport.csproj", "{BA499B39-57AC-4334-B2E3-4C0829A50E29}"
EndProject
Global
	GlobalSection(SolutionConfigurationPlatforms) = preSolution
		Debug|Any CPU = Debug|Any CPU
		Debug|Mixed Platforms = Debug|Mixed Platforms
		Debug|x86 = Debug|x86
		Release|Any CPU = Release|Any CPU
		Release|Mixed Platforms = Release|Mixed Platforms
		Release|x86 = Release|x86
	EndGlobalSection
	GlobalSection(ProjectConfigurationPlatforms) = postSolution
		{D649603A-A3A6-48E5-A987-E5A011DC013F}.Debug|Any CPU.ActiveCfg = Debug|x86
		{D649603A-A3A6-48E5-A987-E5A011DC013F}.Debug|Mixed Platforms.ActiveCfg = Debug|x86
		{D649603A-A3A6-48E5-A987-E5A011DC013F}.Debug|Mixed Platforms.Build.0 = Debug|x86
		{D649603A-A3A6-48E5-A987-E5A011DC013F}.Debug|x86.ActiveCfg = Debug|x86
		{D649603A-A3A6-48E5-A987-E5A011DC013F}.Debug|x86.Build.0 = Debug|x86
		{D649603A-A3A6-48E5-A987-E5A011DC013F}.Release|Any CPU.ActiveCfg = Release|x86
		{D649603A-A3A6-48E5-A987-E5A011DC013F}.Release|Mixed Platforms.ActiveCfg = Release|x86
		{D649603A-A3A6-48E5-A987-E5A011DC013F}.Release|Mixed Platforms.Build.0 = Release|x86
		{D649603A-A3A6-48E5-A987-E5A011DC013F}.Release|x86.ActiveCfg = Release|x86
		{D649603A-A3A6-48E5-A987-E5A011DC013F}.Release|x86.Build.0 = Release|x86
		{49CB781A-5A5A-4D6A-8F19-B8D3C0045597}.Debug|Any CPU.ActiveCfg = Debug|Any CPU
		{49CB781A-5A5A-4D6A-8F19-B8D3C0045597}.Debug|Any CPU.Build.0 = Debug|Any CPU
		{49CB781A-5A5A-4D6A-8F19-B8D3C0045597}.Debug|Mixed Platforms.ActiveCfg = Debug|Any CPU
		{49CB781A-5A5A-4D6A-8F19-B8D3C0045597}.Debug|Mixed Platforms.Build.0 = Debug|Any CPU
		{49CB781A-5A5A-4D6A-8F19-B8D3C0045597}.Debug|x86.ActiveCfg = Debug|Any CPU
		{49CB781A-5A5A-4D6A-8F19-B8D3C0045597}.Debug|x86.Build.0 = Debug|Any CPU
		{49CB781A-5A5A-4D6A-8F19-B8D3C0045597}.Release|Any CPU.ActiveCfg = Release|Any CPU
		{49CB781A-5A5A-4D6A-8F19-B8D3C0045597}.Release|Any CPU.Build.0 = Release|Any CPU
		{49CB781A-5A5A-4D6A-8F19-B8D3C0045597}.Release|Mixed Platforms.ActiveCfg = Release|Any CPU
		{49CB781A-5A5A-4D6A-8F19-B8D3C0045597}.Release|Mixed Platforms.Build.0 = Release|Any CPU
		{49CB781A-5A5A-4D6A-8F19-B8D3C0045597}.Release|x86.ActiveCfg = Release|Any CPU
		{49CB781A-5A5A-4D6A-8F19-B8D3C0045597}.Release|x86.Build.0 = Release|Any CPU
		{BF29018B-4B83-4DF4-B0CC-23ACE91A0913}.Debug|Any CPU.ActiveCfg = Debug|Any CPU
		{BF29018B-4B83-4DF4-B0CC-23ACE91A0913}.Debug|Any CPU.Build.0 = Debug|Any CPU
		{BF29018B-4B83-4DF4-B0CC-23ACE91A0913}.Debug|Mixed Platforms.ActiveCfg = Debug|Any CPU
		{BF29018B-4B83-4DF4-B0CC-23ACE91A0913}.Debug|Mixed Platforms.Build.0 = Debug|Any CPU
		{BF29018B-4B83-4DF4-B0CC-23ACE91A0913}.Debug|x86.ActiveCfg = Debug|Any CPU
		{BF29018B-4B83-4DF4-B0CC-23ACE91A0913}.Debug|x86.Build.0 = Debug|Any CPU
		{BF29018B-4B83-4DF4-B0CC-23ACE91A0913}.Release|Any CPU.ActiveCfg = Release|Any CPU
		{BF29018B-4B83-4DF4-B0CC-23ACE91A0913}.Release|Any CPU.Build.0 = Release|Any CPU
		{BF29018B-4B83-4DF4-B0CC-23ACE91A0913}.Release|Mixed Platforms.ActiveCfg = Release|Any CPU
		{BF29018B-4B83-4DF4-B0CC-23ACE91A0913}.Release|Mixed Platforms.Build.0 = Release|Any CPU
		{BF29018B-4B83-4DF4-B0CC-23ACE91A0913}.Release|x86.ActiveCfg = Release|Any CPU
		{BF29018B-4B83-4DF4-B0CC-23ACE91A0913}.Release|x86.Build.0 = Release|Any CPU
		{FDC54681-CB67-446F-BA2F-38DC63F4A112}.Debug|Any CPU.ActiveCfg = Debug|x86
		{FDC54681-CB67-446F-BA2F-38DC63F4A112}.Debug|Mixed Platforms.ActiveCfg = Debug|x86
		{FDC54681-CB67-446F-BA2F-38DC63F4A112}.Debug|Mixed Platforms.Build.0 = Debug|x86
		{FDC54681-CB67-446F-BA2F-38DC63F4A112}.Debug|x86.ActiveCfg = Debug|x86
		{FDC54681-CB67-446F-BA2F-38DC63F4A112}.Debug|x86.Build.0 = Debug|x86
		{FDC54681-CB67-446F-BA2F-38DC63F4A112}.Release|Any CPU.ActiveCfg = Release|x86
		{FDC54681-CB67-446F-BA2F-38DC63F4A112}.Release|Mixed Platforms.ActiveCfg = Release|x86
		{FDC54681-CB67-446F-BA2F-38DC63F4A112}.Release|Mixed Platforms.Build.0 = Release|x86
		{FDC54681-CB67-446F-BA2F-38DC63F4A112}.Release|x86.ActiveCfg = Release|x86
		{FDC54681-CB67-446F-BA2F-38DC63F4A112}.Release|x86.Build.0 = Release|x86
		{4F989BB2-F673-4CAC-AA85-9CA87DDE160F}.Debug|Any CPU.ActiveCfg = Debug|x86
		{4F989BB2-F673-4CAC-AA85-9CA87DDE160F}.Debug|Mixed Platforms.ActiveCfg = Debug|x86
		{4F989BB2-F673-4CAC-AA85-9CA87DDE160F}.Debug|Mixed Platforms.Build.0 = Debug|x86
		{4F989BB2-F673-4CAC-AA85-9CA87DDE160F}.Debug|x86.ActiveCfg = Debug|x86
		{4F989BB2-F673-4CAC-AA85-9CA87DDE160F}.Debug|x86.Build.0 = Debug|x86
		{4F989BB2-F673-4CAC-AA85-9CA87DDE160F}.Release|Any CPU.ActiveCfg = Release|x86
		{4F989BB2-F673-4CAC-AA85-9CA87DDE160F}.Release|Mixed Platforms.ActiveCfg = Release|x86
		{4F989BB2-F673-4CAC-AA85-9CA87DDE160F}.Release|Mixed Platforms.Build.0 = Release|x86
		{4F989BB2-F673-4CAC-AA85-9CA87DDE160F}.Release|x86.ActiveCfg = Release|x86
		{4F989BB2-F673-4CAC-AA85-9CA87DDE160F}.Release|x86.Build.0 = Release|x86
		{E1DAF23B-B961-4287-9977-B66035149FB6}.Debug|Any CPU.ActiveCfg = Debug|Any CPU
		{E1DAF23B-B961-4287-9977-B66035149FB6}.Debug|Any CPU.Build.0 = Debug|Any CPU
		{E1DAF23B-B961-4287-9977-B66035149FB6}.Debug|Mixed Platforms.ActiveCfg = Debug|Any CPU
		{E1DAF23B-B961-4287-9977-B66035149FB6}.Debug|Mixed Platforms.Build.0 = Debug|Any CPU
		{E1DAF23B-B961-4287-9977-B66035149FB6}.Debug|x86.ActiveCfg = Debug|Any CPU
		{E1DAF23B-B961-4287-9977-B66035149FB6}.Release|Any CPU.ActiveCfg = Release|Any CPU
		{E1DAF23B-B961-4287-9977-B66035149FB6}.Release|Any CPU.Build.0 = Release|Any CPU
		{E1DAF23B-B961-4287-9977-B66035149FB6}.Release|Mixed Platforms.ActiveCfg = Release|Any CPU
		{E1DAF23B-B961-4287-9977-B66035149FB6}.Release|Mixed Platforms.Build.0 = Release|Any CPU
		{E1DAF23B-B961-4287-9977-B66035149FB6}.Release|x86.ActiveCfg = Release|Any CPU
		{BAB5C73E-38E2-4D4A-8CAC-5F92041BD7BD}.Debug|Any CPU.ActiveCfg = Debug|Any CPU
		{BAB5C73E-38E2-4D4A-8CAC-5F92041BD7BD}.Debug|Any CPU.Build.0 = Debug|Any CPU
		{BAB5C73E-38E2-4D4A-8CAC-5F92041BD7BD}.Debug|Mixed Platforms.ActiveCfg = Debug|Any CPU
		{BAB5C73E-38E2-4D4A-8CAC-5F92041BD7BD}.Debug|Mixed Platforms.Build.0 = Debug|Any CPU
		{BAB5C73E-38E2-4D4A-8CAC-5F92041BD7BD}.Debug|x86.ActiveCfg = Debug|Any CPU
		{BAB5C73E-38E2-4D4A-8CAC-5F92041BD7BD}.Release|Any CPU.ActiveCfg = Release|Any CPU
		{BAB5C73E-38E2-4D4A-8CAC-5F92041BD7BD}.Release|Any CPU.Build.0 = Release|Any CPU
		{BAB5C73E-38E2-4D4A-8CAC-5F92041BD7BD}.Release|Mixed Platforms.ActiveCfg = Release|Any CPU
		{BAB5C73E-38E2-4D4A-8CAC-5F92041BD7BD}.Release|Mixed Platforms.Build.0 = Release|Any CPU
		{BAB5C73E-38E2-4D4A-8CAC-5F92041BD7BD}.Release|x86.ActiveCfg = Release|Any CPU
		{37AE0C8D-54F3-4311-92A8-8B099B526211}.Debug|Any CPU.ActiveCfg = Debug|Any CPU
		{37AE0C8D-54F3-4311-92A8-8B099B526211}.Debug|Any CPU.Build.0 = Debug|Any CPU
		{37AE0C8D-54F3-4311-92A8-8B099B526211}.Debug|Mixed Platforms.ActiveCfg = Debug|Any CPU
		{37AE0C8D-54F3-4311-92A8-8B099B526211}.Debug|Mixed Platforms.Build.0 = Debug|Any CPU
		{37AE0C8D-54F3-4311-92A8-8B099B526211}.Debug|x86.ActiveCfg = Debug|Any CPU
		{37AE0C8D-54F3-4311-92A8-8B099B526211}.Release|Any CPU.ActiveCfg = Release|Any CPU
		{37AE0C8D-54F3-4311-92A8-8B099B526211}.Release|Any CPU.Build.0 = Release|Any CPU
		{37AE0C8D-54F3-4311-92A8-8B099B526211}.Release|Mixed Platforms.ActiveCfg = Release|Any CPU
		{37AE0C8D-54F3-4311-92A8-8B099B526211}.Release|Mixed Platforms.Build.0 = Release|Any CPU
		{37AE0C8D-54F3-4311-92A8-8B099B526211}.Release|x86.ActiveCfg = Release|Any CPU
		{66CA942F-3B27-4C90-BAED-E8E676C04E1E}.Debug|Any CPU.ActiveCfg = Debug|x86
		{66CA942F-3B27-4C90-BAED-E8E676C04E1E}.Debug|Mixed Platforms.ActiveCfg = Debug|x86
		{66CA942F-3B27-4C90-BAED-E8E676C04E1E}.Debug|x86.ActiveCfg = Debug|x86
		{66CA942F-3B27-4C90-BAED-E8E676C04E1E}.Debug|x86.Build.0 = Debug|x86
		{66CA942F-3B27-4C90-BAED-E8E676C04E1E}.Release|Any CPU.ActiveCfg = Release|x86
		{66CA942F-3B27-4C90-BAED-E8E676C04E1E}.Release|Mixed Platforms.ActiveCfg = Release|x86
		{66CA942F-3B27-4C90-BAED-E8E676C04E1E}.Release|Mixed Platforms.Build.0 = Release|x86
		{66CA942F-3B27-4C90-BAED-E8E676C04E1E}.Release|x86.ActiveCfg = Release|x86
		{66CA942F-3B27-4C90-BAED-E8E676C04E1E}.Release|x86.Build.0 = Release|x86
		{F42A124D-7365-4A8A-A909-651D1E877C5E}.Debug|Any CPU.ActiveCfg = Debug|Any CPU
		{F42A124D-7365-4A8A-A909-651D1E877C5E}.Debug|Any CPU.Build.0 = Debug|Any CPU
		{F42A124D-7365-4A8A-A909-651D1E877C5E}.Debug|Mixed Platforms.ActiveCfg = Debug|Any CPU
		{F42A124D-7365-4A8A-A909-651D1E877C5E}.Debug|Mixed Platforms.Build.0 = Debug|Any CPU
		{F42A124D-7365-4A8A-A909-651D1E877C5E}.Debug|x86.ActiveCfg = Debug|Any CPU
		{F42A124D-7365-4A8A-A909-651D1E877C5E}.Release|Any CPU.ActiveCfg = Release|Any CPU
		{F42A124D-7365-4A8A-A909-651D1E877C5E}.Release|Any CPU.Build.0 = Release|Any CPU
		{F42A124D-7365-4A8A-A909-651D1E877C5E}.Release|Mixed Platforms.ActiveCfg = Release|Any CPU
		{F42A124D-7365-4A8A-A909-651D1E877C5E}.Release|Mixed Platforms.Build.0 = Release|Any CPU
		{F42A124D-7365-4A8A-A909-651D1E877C5E}.Release|x86.ActiveCfg = Release|Any CPU
		{264F6631-1C6F-4529-AC27-2BC92923DACB}.Debug|Any CPU.ActiveCfg = Debug|x86
		{264F6631-1C6F-4529-AC27-2BC92923DACB}.Debug|Mixed Platforms.ActiveCfg = Debug|x86
		{264F6631-1C6F-4529-AC27-2BC92923DACB}.Debug|x86.ActiveCfg = Debug|x86
		{264F6631-1C6F-4529-AC27-2BC92923DACB}.Debug|x86.Build.0 = Debug|x86
		{264F6631-1C6F-4529-AC27-2BC92923DACB}.Release|Any CPU.ActiveCfg = Release|x86
		{264F6631-1C6F-4529-AC27-2BC92923DACB}.Release|Mixed Platforms.ActiveCfg = Release|x86
		{264F6631-1C6F-4529-AC27-2BC92923DACB}.Release|Mixed Platforms.Build.0 = Release|x86
		{264F6631-1C6F-4529-AC27-2BC92923DACB}.Release|x86.ActiveCfg = Release|x86
		{264F6631-1C6F-4529-AC27-2BC92923DACB}.Release|x86.Build.0 = Release|x86
		{E765DBD3-CADA-4EFC-8740-3EF81191EC24}.Debug|Any CPU.ActiveCfg = Debug|Any CPU
		{E765DBD3-CADA-4EFC-8740-3EF81191EC24}.Debug|Any CPU.Build.0 = Debug|Any CPU
		{E765DBD3-CADA-4EFC-8740-3EF81191EC24}.Debug|Mixed Platforms.ActiveCfg = Debug|Any CPU
		{E765DBD3-CADA-4EFC-8740-3EF81191EC24}.Debug|Mixed Platforms.Build.0 = Debug|Any CPU
		{E765DBD3-CADA-4EFC-8740-3EF81191EC24}.Debug|x86.ActiveCfg = Debug|Any CPU
		{E765DBD3-CADA-4EFC-8740-3EF81191EC24}.Release|Any CPU.ActiveCfg = Release|Any CPU
		{E765DBD3-CADA-4EFC-8740-3EF81191EC24}.Release|Any CPU.Build.0 = Release|Any CPU
		{E765DBD3-CADA-4EFC-8740-3EF81191EC24}.Release|Mixed Platforms.ActiveCfg = Release|Any CPU
		{E765DBD3-CADA-4EFC-8740-3EF81191EC24}.Release|Mixed Platforms.Build.0 = Release|Any CPU
		{E765DBD3-CADA-4EFC-8740-3EF81191EC24}.Release|x86.ActiveCfg = Release|Any CPU
		{356EAAC1-1C70-42B8-A2AA-55995B86D9C1}.Debug|Any CPU.ActiveCfg = Debug|Any CPU
		{356EAAC1-1C70-42B8-A2AA-55995B86D9C1}.Debug|Any CPU.Build.0 = Debug|Any CPU
		{356EAAC1-1C70-42B8-A2AA-55995B86D9C1}.Debug|Mixed Platforms.ActiveCfg = Debug|Any CPU
		{356EAAC1-1C70-42B8-A2AA-55995B86D9C1}.Debug|Mixed Platforms.Build.0 = Debug|Any CPU
		{356EAAC1-1C70-42B8-A2AA-55995B86D9C1}.Debug|x86.ActiveCfg = Debug|Any CPU
		{356EAAC1-1C70-42B8-A2AA-55995B86D9C1}.Release|Any CPU.ActiveCfg = Release|Any CPU
		{356EAAC1-1C70-42B8-A2AA-55995B86D9C1}.Release|Any CPU.Build.0 = Release|Any CPU
		{356EAAC1-1C70-42B8-A2AA-55995B86D9C1}.Release|Mixed Platforms.ActiveCfg = Release|Any CPU
		{356EAAC1-1C70-42B8-A2AA-55995B86D9C1}.Release|Mixed Platforms.Build.0 = Release|Any CPU
		{356EAAC1-1C70-42B8-A2AA-55995B86D9C1}.Release|x86.ActiveCfg = Release|Any CPU
		{726B204C-4FB4-47D7-AD3A-753F2E256DE4}.Debug|Any CPU.ActiveCfg = Debug|Any CPU
		{726B204C-4FB4-47D7-AD3A-753F2E256DE4}.Debug|Any CPU.Build.0 = Debug|Any CPU
		{726B204C-4FB4-47D7-AD3A-753F2E256DE4}.Debug|Mixed Platforms.ActiveCfg = Debug|Any CPU
		{726B204C-4FB4-47D7-AD3A-753F2E256DE4}.Debug|Mixed Platforms.Build.0 = Debug|Any CPU
		{726B204C-4FB4-47D7-AD3A-753F2E256DE4}.Debug|x86.ActiveCfg = Debug|Any CPU
		{726B204C-4FB4-47D7-AD3A-753F2E256DE4}.Release|Any CPU.ActiveCfg = Release|Any CPU
		{726B204C-4FB4-47D7-AD3A-753F2E256DE4}.Release|Any CPU.Build.0 = Release|Any CPU
		{726B204C-4FB4-47D7-AD3A-753F2E256DE4}.Release|Mixed Platforms.ActiveCfg = Release|Any CPU
		{726B204C-4FB4-47D7-AD3A-753F2E256DE4}.Release|Mixed Platforms.Build.0 = Release|Any CPU
		{726B204C-4FB4-47D7-AD3A-753F2E256DE4}.Release|x86.ActiveCfg = Release|Any CPU
		{B7FE3453-BB5D-410D-86EF-C1274AFF5A6E}.Debug|Any CPU.ActiveCfg = Debug|Any CPU
		{B7FE3453-BB5D-410D-86EF-C1274AFF5A6E}.Debug|Any CPU.Build.0 = Debug|Any CPU
		{B7FE3453-BB5D-410D-86EF-C1274AFF5A6E}.Debug|Mixed Platforms.ActiveCfg = Debug|Any CPU
		{B7FE3453-BB5D-410D-86EF-C1274AFF5A6E}.Debug|Mixed Platforms.Build.0 = Debug|Any CPU
		{B7FE3453-BB5D-410D-86EF-C1274AFF5A6E}.Debug|x86.ActiveCfg = Debug|Any CPU
		{B7FE3453-BB5D-410D-86EF-C1274AFF5A6E}.Release|Any CPU.ActiveCfg = Release|Any CPU
		{B7FE3453-BB5D-410D-86EF-C1274AFF5A6E}.Release|Any CPU.Build.0 = Release|Any CPU
		{B7FE3453-BB5D-410D-86EF-C1274AFF5A6E}.Release|Mixed Platforms.ActiveCfg = Release|Any CPU
		{B7FE3453-BB5D-410D-86EF-C1274AFF5A6E}.Release|Mixed Platforms.Build.0 = Release|Any CPU
		{B7FE3453-BB5D-410D-86EF-C1274AFF5A6E}.Release|x86.ActiveCfg = Release|Any CPU
		{EF713D5C-2E0C-496C-B521-3B475B2EDDC9}.Debug|Any CPU.ActiveCfg = Debug|Any CPU
		{EF713D5C-2E0C-496C-B521-3B475B2EDDC9}.Debug|Any CPU.Build.0 = Debug|Any CPU
		{EF713D5C-2E0C-496C-B521-3B475B2EDDC9}.Debug|Mixed Platforms.ActiveCfg = Debug|Any CPU
		{EF713D5C-2E0C-496C-B521-3B475B2EDDC9}.Debug|Mixed Platforms.Build.0 = Debug|Any CPU
		{EF713D5C-2E0C-496C-B521-3B475B2EDDC9}.Debug|x86.ActiveCfg = Debug|Any CPU
		{EF713D5C-2E0C-496C-B521-3B475B2EDDC9}.Release|Any CPU.ActiveCfg = Release|Any CPU
		{EF713D5C-2E0C-496C-B521-3B475B2EDDC9}.Release|Any CPU.Build.0 = Release|Any CPU
		{EF713D5C-2E0C-496C-B521-3B475B2EDDC9}.Release|Mixed Platforms.ActiveCfg = Release|Any CPU
		{EF713D5C-2E0C-496C-B521-3B475B2EDDC9}.Release|Mixed Platforms.Build.0 = Release|Any CPU
		{EF713D5C-2E0C-496C-B521-3B475B2EDDC9}.Release|x86.ActiveCfg = Release|Any CPU
		{72962866-1C2B-4D47-AA4B-CEB504E8E02A}.Debug|Any CPU.ActiveCfg = Debug|Any CPU
		{72962866-1C2B-4D47-AA4B-CEB504E8E02A}.Debug|Any CPU.Build.0 = Debug|Any CPU
		{72962866-1C2B-4D47-AA4B-CEB504E8E02A}.Debug|Mixed Platforms.ActiveCfg = Debug|Any CPU
		{72962866-1C2B-4D47-AA4B-CEB504E8E02A}.Debug|Mixed Platforms.Build.0 = Debug|Any CPU
		{72962866-1C2B-4D47-AA4B-CEB504E8E02A}.Debug|x86.ActiveCfg = Debug|Any CPU
		{72962866-1C2B-4D47-AA4B-CEB504E8E02A}.Release|Any CPU.ActiveCfg = Release|Any CPU
		{72962866-1C2B-4D47-AA4B-CEB504E8E02A}.Release|Any CPU.Build.0 = Release|Any CPU
		{72962866-1C2B-4D47-AA4B-CEB504E8E02A}.Release|Mixed Platforms.ActiveCfg = Release|Any CPU
		{72962866-1C2B-4D47-AA4B-CEB504E8E02A}.Release|Mixed Platforms.Build.0 = Release|Any CPU
		{72962866-1C2B-4D47-AA4B-CEB504E8E02A}.Release|x86.ActiveCfg = Release|Any CPU
		{6C1369E7-1D57-42EA-B004-1B17218E71BF}.Debug|Any CPU.ActiveCfg = Debug|Any CPU
		{6C1369E7-1D57-42EA-B004-1B17218E71BF}.Debug|Any CPU.Build.0 = Debug|Any CPU
		{6C1369E7-1D57-42EA-B004-1B17218E71BF}.Debug|Mixed Platforms.ActiveCfg = Debug|Any CPU
		{6C1369E7-1D57-42EA-B004-1B17218E71BF}.Debug|Mixed Platforms.Build.0 = Debug|Any CPU
		{6C1369E7-1D57-42EA-B004-1B17218E71BF}.Debug|x86.ActiveCfg = Debug|Any CPU
		{6C1369E7-1D57-42EA-B004-1B17218E71BF}.Release|Any CPU.ActiveCfg = Release|Any CPU
		{6C1369E7-1D57-42EA-B004-1B17218E71BF}.Release|Any CPU.Build.0 = Release|Any CPU
		{6C1369E7-1D57-42EA-B004-1B17218E71BF}.Release|Mixed Platforms.ActiveCfg = Release|Any CPU
		{6C1369E7-1D57-42EA-B004-1B17218E71BF}.Release|Mixed Platforms.Build.0 = Release|Any CPU
		{6C1369E7-1D57-42EA-B004-1B17218E71BF}.Release|x86.ActiveCfg = Release|Any CPU
		{B504B880-5D3D-4CA5-9256-6282ADA2378B}.Debug|Any CPU.ActiveCfg = Debug|Any CPU
		{B504B880-5D3D-4CA5-9256-6282ADA2378B}.Debug|Any CPU.Build.0 = Debug|Any CPU
		{B504B880-5D3D-4CA5-9256-6282ADA2378B}.Debug|Mixed Platforms.ActiveCfg = Debug|Any CPU
		{B504B880-5D3D-4CA5-9256-6282ADA2378B}.Debug|Mixed Platforms.Build.0 = Debug|Any CPU
		{B504B880-5D3D-4CA5-9256-6282ADA2378B}.Debug|x86.ActiveCfg = Debug|Any CPU
		{B504B880-5D3D-4CA5-9256-6282ADA2378B}.Release|Any CPU.ActiveCfg = Release|Any CPU
		{B504B880-5D3D-4CA5-9256-6282ADA2378B}.Release|Any CPU.Build.0 = Release|Any CPU
		{B504B880-5D3D-4CA5-9256-6282ADA2378B}.Release|Mixed Platforms.ActiveCfg = Release|Any CPU
		{B504B880-5D3D-4CA5-9256-6282ADA2378B}.Release|Mixed Platforms.Build.0 = Release|Any CPU
		{B504B880-5D3D-4CA5-9256-6282ADA2378B}.Release|x86.ActiveCfg = Release|Any CPU
		{BA499B39-57AC-4334-B2E3-4C0829A50E29}.Debug|Any CPU.ActiveCfg = Debug|Any CPU
		{BA499B39-57AC-4334-B2E3-4C0829A50E29}.Debug|Any CPU.Build.0 = Debug|Any CPU
		{BA499B39-57AC-4334-B2E3-4C0829A50E29}.Debug|Mixed Platforms.ActiveCfg = Debug|Any CPU
		{BA499B39-57AC-4334-B2E3-4C0829A50E29}.Debug|Mixed Platforms.Build.0 = Debug|Any CPU
		{BA499B39-57AC-4334-B2E3-4C0829A50E29}.Debug|x86.ActiveCfg = Debug|Any CPU
		{BA499B39-57AC-4334-B2E3-4C0829A50E29}.Release|Any CPU.ActiveCfg = Release|Any CPU
		{BA499B39-57AC-4334-B2E3-4C0829A50E29}.Release|Any CPU.Build.0 = Release|Any CPU
		{BA499B39-57AC-4334-B2E3-4C0829A50E29}.Release|Mixed Platforms.ActiveCfg = Release|Any CPU
		{BA499B39-57AC-4334-B2E3-4C0829A50E29}.Release|Mixed Platforms.Build.0 = Release|Any CPU
		{BA499B39-57AC-4334-B2E3-4C0829A50E29}.Release|x86.ActiveCfg = Release|Any CPU
	EndGlobalSection
	GlobalSection(SolutionProperties) = preSolution
		HideSolutionNode = FALSE
	EndGlobalSection
	GlobalSection(NestedProjects) = preSolution
		{D649603A-A3A6-48E5-A987-E5A011DC013F} = {1E91FE7C-8651-489C-A6B9-00FB49AC3722}
		{49CB781A-5A5A-4D6A-8F19-B8D3C0045597} = {1E91FE7C-8651-489C-A6B9-00FB49AC3722}
		{BF29018B-4B83-4DF4-B0CC-23ACE91A0913} = {1E91FE7C-8651-489C-A6B9-00FB49AC3722}
		{FDC54681-CB67-446F-BA2F-38DC63F4A112} = {73E33566-AED2-44A0-AD3D-0924596B7E68}
		{4F989BB2-F673-4CAC-AA85-9CA87DDE160F} = {73E33566-AED2-44A0-AD3D-0924596B7E68}
		{E1DAF23B-B961-4287-9977-B66035149FB6} = {1E91FE7C-8651-489C-A6B9-00FB49AC3722}
		{BAB5C73E-38E2-4D4A-8CAC-5F92041BD7BD} = {1E91FE7C-8651-489C-A6B9-00FB49AC3722}
		{37AE0C8D-54F3-4311-92A8-8B099B526211} = {1E91FE7C-8651-489C-A6B9-00FB49AC3722}
		{66CA942F-3B27-4C90-BAED-E8E676C04E1E} = {CE37BA79-EA6E-4AC5-962D-DAAC0B002F4E}
		{F42A124D-7365-4A8A-A909-651D1E877C5E} = {1E91FE7C-8651-489C-A6B9-00FB49AC3722}
		{264F6631-1C6F-4529-AC27-2BC92923DACB} = {CE37BA79-EA6E-4AC5-962D-DAAC0B002F4E}
		{E765DBD3-CADA-4EFC-8740-3EF81191EC24} = {1E91FE7C-8651-489C-A6B9-00FB49AC3722}
		{356EAAC1-1C70-42B8-A2AA-55995B86D9C1} = {1E91FE7C-8651-489C-A6B9-00FB49AC3722}
		{726B204C-4FB4-47D7-AD3A-753F2E256DE4} = {1E91FE7C-8651-489C-A6B9-00FB49AC3722}
		{B7FE3453-BB5D-410D-86EF-C1274AFF5A6E} = {1E91FE7C-8651-489C-A6B9-00FB49AC3722}
		{EF713D5C-2E0C-496C-B521-3B475B2EDDC9} = {1E91FE7C-8651-489C-A6B9-00FB49AC3722}
		{72962866-1C2B-4D47-AA4B-CEB504E8E02A} = {1E91FE7C-8651-489C-A6B9-00FB49AC3722}
		{6C1369E7-1D57-42EA-B004-1B17218E71BF} = {1E91FE7C-8651-489C-A6B9-00FB49AC3722}
		{B504B880-5D3D-4CA5-9256-6282ADA2378B} = {B1E5685A-ED8B-4A14-B9B8-9B7FD281F114}
		{BA499B39-57AC-4334-B2E3-4C0829A50E29} = {1E91FE7C-8651-489C-A6B9-00FB49AC3722}
	EndGlobalSection
EndGlobal
